PODS:
  - FBSnapshotTestCase (2.1.4):
    - FBSnapshotTestCase/SwiftSupport (= 2.1.4)
  - FBSnapshotTestCase/Core (2.1.4)
  - FBSnapshotTestCase/SwiftSupport (2.1.4):
    - FBSnapshotTestCase/Core
  - WYPlayerSwift5 (0.8.8)

DEPENDENCIES:
  - FBSnapshotTestCase (~> 2.1.4)
  - WYPlayerSwift5 (from `../`)

SPEC REPOS:
  trunk:
    - FBSnapshotTestCase

EXTERNAL SOURCES:
  WYPlayerSwift5:
    :path: "../"

SPEC CHECKSUMS:
  FBSnapshotTestCase: 094f9f314decbabe373b87cc339bea235a63e07a
  WYPlayerSwift5: 3fe3a6339c49135f230d499046084537aad3b66c

PODFILE CHECKSUM: cfc8df3e28fb9c35bec766421d42c2e87ed15c39

COCOAPODS: 1.11.3
